# This file is automatically @generated by Cargo.
# It is not intended for manual editing.
version = 4

[[package]]
name = "bytemuck"
version = "1.25.2"
source = "registry+https://github.com/rust-lang/crates.io-index"
checksum = "95832e849adfb21180ccb6826a99da14e5d266ae5c2e668e1602cf234f153797"
dependencies = [
 "bytemuck_derive",
]

[[package]]
name = "bytemuck_derive"
version = "1.12.1"
source = "registry+https://github.com/rust-lang/crates.io-index"
checksum = "6a1f896587b6f2c069c73d2f0913e2d590c3990285cd2f0b6aa02b786b4c679c"
dependencies = [
 "proc-macro2",
 "quote",
 "syn",
]

[[package]]
name = "font-types"
version = "0.12.5"
source = "registry+https://github.com/rust-lang/crates.io-index"
checksum = "b8eb065f3251655b3c90e22e5e363f310fc5332fb3402e37bbc94752283248f6"
dependencies = [
 "bytemuck",
]

[[package]]
name = "hashbrown"
version = "0.17.1"
source = "registry+https://github.com/rust-lang/crates.io-index"
checksum = "ed5909b6e89a2db4456e54cd5f673791d7eca6732202bbf2a9cc504fe2f9b84a"

[[package]]
name = "log"
version = "0.4.34"
source = "registry+https://github.com/rust-lang/crates.io-index"
checksum = "f9f8bd3e56ce4dfc153cf470fffbfa98c7620958b312ca5c3a4b8d5181fd13c6"

[[package]]
name = "lolly-font-subset"
version = "0.1.0"
dependencies = [
 "skera",
 "write-fonts",
]

[[package]]
name = "once_cell"
version = "1.21.4"
source = "registry+https://github.com/rust-lang/crates.io-index"
checksum = "9f7c3e4beb33f85d45ae3e3a1792185706c8e16d043238c593331cc7cd313b50"

[[package]]
name = "proc-macro2"
version = "1.0.107"
source = "registry+https://github.com/rust-lang/crates.io-index"
checksum = "985e7ec9bb745e6ce6535b544d84d6cd6f7ad8bd711c398938ae983b91a766d9"
dependencies = [
 "unicode-ident",
]

[[package]]
name = "quote"
version = "1.0.47"
source = "registry+https://github.com/rust-lang/crates.io-index"
checksum = "1fbf4db142a473a8d80c26bbf18454ed458bf8d26c8219c331daecfdbd079001"
dependencies = [
 "proc-macro2",
]

[[package]]
name = "read-fonts"
version = "0.44.0"
source = "registry+https://github.com/rust-lang/crates.io-index"
checksum = "d5a0cf4bb6cbce4c29756270d189a5e400ac05e91192161d83a0bcb6e68492e8"
dependencies = [
 "bytemuck",
 "font-types",
 "once_cell",
]

[[package]]
name = "skera"
version = "0.7.0"
source = "registry+https://github.com/rust-lang/crates.io-index"
checksum = "1793356c03f41587b77c8358124ecf2af32ee681df7305096099e368a4f5cec6"
dependencies = [
 "hashbrown",
 "skrifa",
 "thiserror",
 "write-fonts",
]

[[package]]
name = "skrifa"
version = "0.47.0"
source = "registry+https://github.com/rust-lang/crates.io-index"
checksum = "526e654b303ff4ad73a5a40b25de2b3ce3d039c5e3b6da5f89ae6e57004cb40f"
dependencies = [
 "bytemuck",
 "read-fonts",
]

[[package]]
name = "syn"
version = "3.0.5"
source = "registry+https://github.com/rust-lang/crates.io-index"
checksum = "12df2e0110f65b775f769bb17ef989067a1d931b2eb822bd4346631eeada89f9"
dependencies = [
 "proc-macro2",
 "quote",
 "unicode-ident",
]

[[package]]
name = "thiserror"
version = "2.0.20"
source = "registry+https://github.com/rust-lang/crates.io-index"
checksum = "ec86235f5fcc2a73650310756d2ac5b138a5780bbbdfae3eeccec992c435ba4f"
dependencies = [
 "thiserror-impl",
]

[[package]]
name = "thiserror-impl"
version = "2.0.20"
source = "registry+https://github.com/rust-lang/crates.io-index"
checksum = "bc04cd3e1236dd4a98afca4569f2deb3f120e5422a4023be2cb683f8486292af"
dependencies = [
 "proc-macro2",
 "quote",
 "syn",
]

[[package]]
name = "unicode-ident"
version = "1.0.24"
source = "registry+https://github.com/rust-lang/crates.io-index"
checksum = "e6e4313cd5fcd3dad5cafa179702e2b244f760991f45397d14d4ebf38247da75"

[[package]]
name = "write-fonts"
version = "0.53.0"
source = "registry+https://github.com/rust-lang/crates.io-index"
checksum = "4c2feba63177f6f6b51d646b78fafd5ff65f0581814155eb36ef620133d245c4"
dependencies = [
 "font-types",
 "log",
 "read-fonts",
]
